schema: '2.0'
stages:
  prepare_data:
    cmd: python src/stage_01_prepare.py --config=configs/config.yaml --params=params.yaml
    deps:
    - path: configs/config.yaml
      md5: 2122280d03688eb97647e8162228a8cb
      size: 373
    - path: data/data.xml
      md5: a304afb96060aad90176268345e10355
      size: 37916850
    - path: src/stage_01_prepare.py
      md5: 4b660784d193e11090f65aa7c0edd3cd
      size: 2116
    - path: src/utils/common.py
      md5: 1c48d51e180a5477e68b2b535544a787
      size: 1006
    - path: src/utils/data_mgmt.py
      md5: 7bd16dde90923740ace66ac20cc3ae5f
      size: 871
    params:
      params.yaml:
        prepare.seed: 2021
        prepare.split: 0.2
    outs:
    - path: artifacts/prepared/test.tsv
      md5: 79f21d8a43dd140116eb3c1f6c1d5be1
      size: 4899778
    - path: artifacts/prepared/train.tsv
      md5: bbfaa143230e7284c56c9c3d3a3cbc04
      size: 18986541
  featurize:
    cmd: python src/stage_02_featurization.py --config=configs/config.yaml --params=params.yaml
    deps:
    - path: artifacts/prepared/test.tsv
      md5: 79f21d8a43dd140116eb3c1f6c1d5be1
      size: 4899778
    - path: artifacts/prepared/train.tsv
      md5: bbfaa143230e7284c56c9c3d3a3cbc04
      size: 18986541
    - path: configs/config.yaml
      md5: 2122280d03688eb97647e8162228a8cb
      size: 373
    - path: src/stage_02_featurization.py
      md5: 31acc6e552914f59b23ab099b7e31450
      size: 3015
    - path: src/utils/common.py
      md5: 1c48d51e180a5477e68b2b535544a787
      size: 1006
    - path: src/utils/featurize.py
      md5: 1dad323fdaa50ecc6c7fab8fdcb137b8
      size: 523
    params:
      params.yaml:
        featurize.max_features: 3000
        featurize.ngrams: 2
    outs:
    - path: artifacts/features/test.pkl
      md5: 507768877aa63beea7789e886f37b41f
      size: 2596313
    - path: artifacts/features/train.pkl
      md5: c556e5b386e63a79a4f34decdf5baba1
      size: 10129953
  train:
    cmd: python src/stage_03_train.py --config=configs/config.yaml --params=params.yaml
    deps:
    - path: artifacts/features/train.pkl
      md5: c556e5b386e63a79a4f34decdf5baba1
      size: 10129953
    - path: configs/config.yaml
      md5: 2122280d03688eb97647e8162228a8cb
      size: 373
    - path: src/stage_03_train.py
      md5: 582bf67052b0e920a802a595c9bb6f22
      size: 2296
    - path: src/utils/common.py
      md5: 1c48d51e180a5477e68b2b535544a787
      size: 1006
    params:
      params.yaml:
        train.min_split: 16
        train.n_est: 100
        train.seed: 2021
    outs:
    - path: artifacts/model/model.pkl
      md5: 117189a406878d19537882b538ccedc8
      size: 44675
