schema: '2.0'
stages:
  prepare_data:
    cmd: python src/stage_01_prepare.py
    deps:
    - path: configs/config.yaml
      md5: df9d710748b94e9ccd2738cb0ad35b0c
      size: 231
    - path: data/data.xml
      md5: a304afb96060aad90176268345e10355
      size: 37891850
    - path: src/stage_01_prepare.py
      md5: 4b660784d193e11090f65aa7c0edd3cd
      size: 2116
    - path: src/utils/common.py
      md5: d162961d817182441383bdb0e674e685
      size: 675
    - path: src/utils/data_mgmt.py
      md5: 7bd16dde90923740ace66ac20cc3ae5f
      size: 871
    params:
      params.yaml:
        prepare.seed: 2021
        prepare.split: 0.2
    outs:
    - path: artifacts/prepared/test.tsv
      md5: 79f21d8a43dd140116eb3c1f6c1d5be1
      size: 4899778
    - path: artifacts/prepared/train.tsv
      md5: bbfaa143230e7284c56c9c3d3a3cbc04
      size: 18986541
